
Microsoft Visual Studio Solution File, Format Version 12.00
# Visual Studio Version 16
VisualStudioVersion = 16.0.29009.5
MinimumVisualStudioVersion = 10.0.40219.1
Project("{FAE04EC0-301F-11D3-BF4B-00C04F79EFBC}") = "Formulator", "Formulator\Formulator.csproj", "{9F1599B5-7322-4C32-845A-DE6A5E6E426B}"
EndProject
Global
	GlobalSection(SolutionConfigurationPlatforms) = preSolution
		Debug|Any CPU = Debug|Any CPU
		Release|Any CPU = Release|Any CPU
	EndGlobalSection
	GlobalSection(ProjectConfigurationPlatforms) = postSolution
		{9F1599B5-7322-4C32-845A-DE6A5E6E426B}.Debug|Any CPU.ActiveCfg = Debug|Any CPU
		{9F1599B5-7322-4C32-845A-DE6A5E6E426B}.Debug|Any CPU.Build.0 = Debug|Any CPU
		{9F1599B5-7322-4C32-845A-DE6A5E6E426B}.Release|Any CPU.ActiveCfg = Release|Any CPU
		{9F1599B5-7322-4C32-845A-DE6A5E6E426B}.Release|Any CPU.Build.0 = Release|Any CPU
	EndGlobalSection
	GlobalSection(SolutionProperties) = preSolution
		HideSolutionNode = FALSE
	EndGlobalSection
	GlobalSection(ExtensibilityGlobals) = postSolution
		SolutionGuid = {99065A53-A6A7-4694-A07C-CCE47D819012}
	EndGlobalSection
EndGlobal
